
Microsoft Visual Studio Solution File, Format Version 12.00
# Visual Studio Version 16
VisualStudioVersion = 16.0.29215.179
MinimumVisualStudioVersion = 10.0.40219.1
Project("{9A19103F-16F7-4668-BE54-9A1E7A4F7556}") = "kudvenkat", "kudvenkat\kudvenkat.csproj", "{67ACA66D-8D1D-473B-A757-A13332DB2EA7}"
EndProject
Project("{9A19103F-16F7-4668-BE54-9A1E7A4F7556}") = "kudvenkat.DataAccess", "kudvenkat.DataAccess\kudvenkat.DataAccess.csproj", "{C9918166-3556-45B6-944F-A31EE3259F41}"
EndProject
Project("{2150E333-8FDC-42A3-9474-1A3956D46DE8}") = "Solution Items", "Solution Items", "{9E91D222-9C0E-4D4A-B0BF-D4B8BAFB9B52}"
	ProjectSection(SolutionItems) = preProject
		README.md = README.md
	EndProjectSection
EndProject
Global
	GlobalSection(SolutionConfigurationPlatforms) = preSolution
		Debug|Any CPU = Debug|Any CPU
		Release|Any CPU = Release|Any CPU
	EndGlobalSection
	GlobalSection(ProjectConfigurationPlatforms) = postSolution
		{67ACA66D-8D1D-473B-A757-A13332DB2EA7}.Debug|Any CPU.ActiveCfg = Debug|Any CPU
		{67ACA66D-8D1D-473B-A757-A13332DB2EA7}.Debug|Any CPU.Build.0 = Debug|Any CPU
		{67ACA66D-8D1D-473B-A757-A13332DB2EA7}.Release|Any CPU.ActiveCfg = Release|Any CPU
		{67ACA66D-8D1D-473B-A757-A13332DB2EA7}.Release|Any CPU.Build.0 = Release|Any CPU
		{C9918166-3556-45B6-944F-A31EE3259F41}.Debug|Any CPU.ActiveCfg = Debug|Any CPU
		{C9918166-3556-45B6-944F-A31EE3259F41}.Debug|Any CPU.Build.0 = Debug|Any CPU
		{C9918166-3556-45B6-944F-A31EE3259F41}.Release|Any CPU.ActiveCfg = Release|Any CPU
		{C9918166-3556-45B6-944F-A31EE3259F41}.Release|Any CPU.Build.0 = Release|Any CPU
	EndGlobalSection
	GlobalSection(SolutionProperties) = preSolution
		HideSolutionNode = FALSE
	EndGlobalSection
	GlobalSection(ExtensibilityGlobals) = postSolution
		SolutionGuid = {601168E9-8FC9-4E2E-A632-104993B789DB}
	EndGlobalSection
EndGlobal
